
Microsoft Visual Studio Solution File, Format Version 12.00
# Visual Studio Version 16
VisualStudioVersion = 16.0.29613.14
MinimumVisualStudioVersion = 10.0.40219.1
Project("{FAE04EC0-301F-11D3-BF4B-00C04F79EFBC}") = "HousingCommunalServicesTestTask", "HousingCommunalServicesTestTask.csproj", "{B39E36E3-34E0-4040-AE3E-7F8C8EDA592B}"
EndProject
Project("{FAE04EC0-301F-11D3-BF4B-00C04F79EFBC}") = "HousingCommunalServicesClassLibrary", "..\HousingCommunalServicesClassLibrary\HousingCommunalServicesClassLibrary.csproj", "{8F6627DD-81C5-479A-A2EC-327A59E16063}"
EndProject
Global
	GlobalSection(SolutionConfigurationPlatforms) = preSolution
		Debug|Any CPU = Debug|Any CPU
		Release|Any CPU = Release|Any CPU
	EndGlobalSection
	GlobalSection(ProjectConfigurationPlatforms) = postSolution
		{B39E36E3-34E0-4040-AE3E-7F8C8EDA592B}.Debug|Any CPU.ActiveCfg = Debug|Any CPU
		{B39E36E3-34E0-4040-AE3E-7F8C8EDA592B}.Debug|Any CPU.Build.0 = Debug|Any CPU
		{B39E36E3-34E0-4040-AE3E-7F8C8EDA592B}.Release|Any CPU.ActiveCfg = Release|Any CPU
		{B39E36E3-34E0-4040-AE3E-7F8C8EDA592B}.Release|Any CPU.Build.0 = Release|Any CPU
		{8F6627DD-81C5-479A-A2EC-327A59E16063}.Debug|Any CPU.ActiveCfg = Debug|Any CPU
		{8F6627DD-81C5-479A-A2EC-327A59E16063}.Debug|Any CPU.Build.0 = Debug|Any CPU
		{8F6627DD-81C5-479A-A2EC-327A59E16063}.Release|Any CPU.ActiveCfg = Release|Any CPU
		{8F6627DD-81C5-479A-A2EC-327A59E16063}.Release|Any CPU.Build.0 = Release|Any CPU
	EndGlobalSection
	GlobalSection(SolutionProperties) = preSolution
		HideSolutionNode = FALSE
	EndGlobalSection
	GlobalSection(ExtensibilityGlobals) = postSolution
		SolutionGuid = {6B65DD56-C974-4AD9-9222-5A55D6130D19}
	EndGlobalSection
EndGlobal
